
Microsoft Visual Studio Solution File, Format Version 12.00
# Visual Studio Version 17
VisualStudioVersion = 17.0.31903.59
MinimumVisualStudioVersion = 10.0.40219.1
Project("{FAE04EC0-301F-11D3-BF4B-00C04F79EFBC}") = "Qwaitumin.SimpleTest", "SimpleTest\Qwaitumin.SimpleTest.csproj", "{7E0ABFFC-8C24-4A45-99A7-0CD458D64C86}"
EndProject
Project("{FAE04EC0-301F-11D3-BF4B-00C04F79EFBC}") = "Qwaitumin.SimpleTest.Tests", "SimpleTest.Tests\Qwaitumin.SimpleTest.Tests.csproj", "{52FACEB2-230B-4856-9363-6038371CFC6A}"
EndProject
Global
	GlobalSection(SolutionConfigurationPlatforms) = preSolution
		Debug|Any CPU = Debug|Any CPU
		Release|Any CPU = Release|Any CPU
	EndGlobalSection
	GlobalSection(SolutionProperties) = preSolution
		HideSolutionNode = FALSE
	EndGlobalSection
	GlobalSection(ProjectConfigurationPlatforms) = postSolution
		{7E0ABFFC-8C24-4A45-99A7-0CD458D64C86}.Debug|Any CPU.ActiveCfg = Debug|Any CPU
		{7E0ABFFC-8C24-4A45-99A7-0CD458D64C86}.Debug|Any CPU.Build.0 = Debug|Any CPU
		{7E0ABFFC-8C24-4A45-99A7-0CD458D64C86}.Release|Any CPU.ActiveCfg = Release|Any CPU
		{7E0ABFFC-8C24-4A45-99A7-0CD458D64C86}.Release|Any CPU.Build.0 = Release|Any CPU
		{52FACEB2-230B-4856-9363-6038371CFC6A}.Debug|Any CPU.ActiveCfg = Debug|Any CPU
		{52FACEB2-230B-4856-9363-6038371CFC6A}.Debug|Any CPU.Build.0 = Debug|Any CPU
		{52FACEB2-230B-4856-9363-6038371CFC6A}.Release|Any CPU.ActiveCfg = Release|Any CPU
		{52FACEB2-230B-4856-9363-6038371CFC6A}.Release|Any CPU.Build.0 = Release|Any CPU
	EndGlobalSection
EndGlobal
